
Microsoft Visual Studio Solution File, Format Version 12.00
# Visual Studio Version 17
VisualStudioVersion = 17.3.32819.101
MinimumVisualStudioVersion = 10.0.40219.1
Project("{FAE04EC0-301F-11D3-BF4B-00C04F79EFBC}") = "tryCatch", "tryCatch\tryCatch.csproj", "{DC3D2D0D-9AF7-42E7-8583-F919CE876644}"
EndProject
Global
	GlobalSection(SolutionConfigurationPlatforms) = preSolution
		Debug|Any CPU = Debug|Any CPU
		Release|Any CPU = Release|Any CPU
	EndGlobalSection
	GlobalSection(ProjectConfigurationPlatforms) = postSolution
		{DC3D2D0D-9AF7-42E7-8583-F919CE876644}.Debug|Any CPU.ActiveCfg = Debug|Any CPU
		{DC3D2D0D-9AF7-42E7-8583-F919CE876644}.Debug|Any CPU.Build.0 = Debug|Any CPU
		{DC3D2D0D-9AF7-42E7-8583-F919CE876644}.Release|Any CPU.ActiveCfg = Release|Any CPU
		{DC3D2D0D-9AF7-42E7-8583-F919CE876644}.Release|Any CPU.Build.0 = Release|Any CPU
	EndGlobalSection
	GlobalSection(SolutionProperties) = preSolution
		HideSolutionNode = FALSE
	EndGlobalSection
	GlobalSection(ExtensibilityGlobals) = postSolution
		SolutionGuid = {AF65CFF3-9B20-4DC6-99BF-E7801EBBD982}
	EndGlobalSection
EndGlobal
