
Microsoft Visual Studio Solution File, Format Version 12.00
# Visual Studio Version 17
VisualStudioVersion = 17.3.32819.101
MinimumVisualStudioVersion = 10.0.40219.1
Project("{FAE04EC0-301F-11D3-BF4B-00C04F79EFBC}") = "whileLoops", "whileLoops\whileLoops.csproj", "{A30B671C-6722-4602-AD65-62730F526A1D}"
EndProject
Global
	GlobalSection(SolutionConfigurationPlatforms) = preSolution
		Debug|Any CPU = Debug|Any CPU
		Release|Any CPU = Release|Any CPU
	EndGlobalSection
	GlobalSection(ProjectConfigurationPlatforms) = postSolution
		{A30B671C-6722-4602-AD65-62730F526A1D}.Debug|Any CPU.ActiveCfg = Debug|Any CPU
		{A30B671C-6722-4602-AD65-62730F526A1D}.Debug|Any CPU.Build.0 = Debug|Any CPU
		{A30B671C-6722-4602-AD65-62730F526A1D}.Release|Any CPU.ActiveCfg = Release|Any CPU
		{A30B671C-6722-4602-AD65-62730F526A1D}.Release|Any CPU.Build.0 = Release|Any CPU
	EndGlobalSection
	GlobalSection(SolutionProperties) = preSolution
		HideSolutionNode = FALSE
	EndGlobalSection
	GlobalSection(ExtensibilityGlobals) = postSolution
		SolutionGuid = {488F1371-A997-43AD-B001-E94A43D666FF}
	EndGlobalSection
EndGlobal
