
Microsoft Visual Studio Solution File, Format Version 12.00
# Visual Studio Version 17
VisualStudioVersion = 17.3.32819.101
MinimumVisualStudioVersion = 10.0.40219.1
Project("{FAE04EC0-301F-11D3-BF4B-00C04F79EFBC}") = "arrays+lists", "arrays+lists\arrays+lists.csproj", "{5C29B644-8C60-4FB9-9F91-DC13C5D03513}"
EndProject
Global
	GlobalSection(SolutionConfigurationPlatforms) = preSolution
		Debug|Any CPU = Debug|Any CPU
		Release|Any CPU = Release|Any CPU
	EndGlobalSection
	GlobalSection(ProjectConfigurationPlatforms) = postSolution
		{5C29B644-8C60-4FB9-9F91-DC13C5D03513}.Debug|Any CPU.ActiveCfg = Debug|Any CPU
		{5C29B644-8C60-4FB9-9F91-DC13C5D03513}.Debug|Any CPU.Build.0 = Debug|Any CPU
		{5C29B644-8C60-4FB9-9F91-DC13C5D03513}.Release|Any CPU.ActiveCfg = Release|Any CPU
		{5C29B644-8C60-4FB9-9F91-DC13C5D03513}.Release|Any CPU.Build.0 = Release|Any CPU
	EndGlobalSection
	GlobalSection(SolutionProperties) = preSolution
		HideSolutionNode = FALSE
	EndGlobalSection
	GlobalSection(ExtensibilityGlobals) = postSolution
		SolutionGuid = {8CA20C36-1730-4294-8526-DE49EFD86536}
	EndGlobalSection
EndGlobal
