
Microsoft Visual Studio Solution File, Format Version 12.00
# Visual Studio Version 17
VisualStudioVersion = 17.3.32825.248
MinimumVisualStudioVersion = 10.0.40219.1
Project("{FAE04EC0-301F-11D3-BF4B-00C04F79EFBC}") = "mathodsObjects", "mathodsObjects\mathodsObjects.csproj", "{EDF1DB17-F19E-491A-B8F6-E6D2309E6420}"
EndProject
Global
	GlobalSection(SolutionConfigurationPlatforms) = preSolution
		Debug|Any CPU = Debug|Any CPU
		Release|Any CPU = Release|Any CPU
	EndGlobalSection
	GlobalSection(ProjectConfigurationPlatforms) = postSolution
		{EDF1DB17-F19E-491A-B8F6-E6D2309E6420}.Debug|Any CPU.ActiveCfg = Debug|Any CPU
		{EDF1DB17-F19E-491A-B8F6-E6D2309E6420}.Debug|Any CPU.Build.0 = Debug|Any CPU
		{EDF1DB17-F19E-491A-B8F6-E6D2309E6420}.Release|Any CPU.ActiveCfg = Release|Any CPU
		{EDF1DB17-F19E-491A-B8F6-E6D2309E6420}.Release|Any CPU.Build.0 = Release|Any CPU
	EndGlobalSection
	GlobalSection(SolutionProperties) = preSolution
		HideSolutionNode = FALSE
	EndGlobalSection
	GlobalSection(ExtensibilityGlobals) = postSolution
		SolutionGuid = {8FAC17F5-EAB3-4297-AEF4-FBBA59989D0F}
	EndGlobalSection
EndGlobal
