
Microsoft Visual Studio Solution File, Format Version 12.00
# Visual Studio Version 17
VisualStudioVersion = 17.3.32901.215
MinimumVisualStudioVersion = 10.0.40219.1
Project("{FAE04EC0-301F-11D3-BF4B-00C04F79EFBC}") = "Newsletter", "Newsletter\Newsletter.csproj", "{3C850D5B-4BCC-4778-B6CF-BA530DA6B8AF}"
EndProject
Global
	GlobalSection(SolutionConfigurationPlatforms) = preSolution
		Debug|Any CPU = Debug|Any CPU
		Release|Any CPU = Release|Any CPU
	EndGlobalSection
	GlobalSection(ProjectConfigurationPlatforms) = postSolution
		{3C850D5B-4BCC-4778-B6CF-BA530DA6B8AF}.Debug|Any CPU.ActiveCfg = Debug|Any CPU
		{3C850D5B-4BCC-4778-B6CF-BA530DA6B8AF}.Debug|Any CPU.Build.0 = Debug|Any CPU
		{3C850D5B-4BCC-4778-B6CF-BA530DA6B8AF}.Release|Any CPU.ActiveCfg = Release|Any CPU
		{3C850D5B-4BCC-4778-B6CF-BA530DA6B8AF}.Release|Any CPU.Build.0 = Release|Any CPU
	EndGlobalSection
	GlobalSection(SolutionProperties) = preSolution
		HideSolutionNode = FALSE
	EndGlobalSection
	GlobalSection(ExtensibilityGlobals) = postSolution
		SolutionGuid = {0A6CC271-20D1-4718-876E-7E15E592E290}
	EndGlobalSection
EndGlobal
