
Microsoft Visual Studio Solution File, Format Version 12.00
# Visual Studio Version 17
VisualStudioVersion = 17.3.32811.315
MinimumVisualStudioVersion = 10.0.40219.1
Project("{FAE04EC0-301F-11D3-BF4B-00C04F79EFBC}") = "WebAppTutorial", "WebAppTutorial\WebAppTutorial.csproj", "{720B5BA8-8837-4EEF-886C-6ADC979A5268}"
EndProject
Global
	GlobalSection(SolutionConfigurationPlatforms) = preSolution
		Debug|Any CPU = Debug|Any CPU
		Release|Any CPU = Release|Any CPU
	EndGlobalSection
	GlobalSection(ProjectConfigurationPlatforms) = postSolution
		{720B5BA8-8837-4EEF-886C-6ADC979A5268}.Debug|Any CPU.ActiveCfg = Debug|Any CPU
		{720B5BA8-8837-4EEF-886C-6ADC979A5268}.Debug|Any CPU.Build.0 = Debug|Any CPU
		{720B5BA8-8837-4EEF-886C-6ADC979A5268}.Release|Any CPU.ActiveCfg = Release|Any CPU
		{720B5BA8-8837-4EEF-886C-6ADC979A5268}.Release|Any CPU.Build.0 = Release|Any CPU
	EndGlobalSection
	GlobalSection(SolutionProperties) = preSolution
		HideSolutionNode = FALSE
	EndGlobalSection
	GlobalSection(ExtensibilityGlobals) = postSolution
		SolutionGuid = {EAEC2A7D-142B-442D-A513-4479B06559A5}
	EndGlobalSection
EndGlobal
