
Microsoft Visual Studio Solution File, Format Version 12.00
# Visual Studio Version 17
VisualStudioVersion = 17.3.32901.215
MinimumVisualStudioVersion = 10.0.40219.1
Project("{FAE04EC0-301F-11D3-BF4B-00C04F79EFBC}") = "FinalChallengeCSharp", "FinalChallengeCSharp\FinalChallengeCSharp.csproj", "{5CB69686-234F-48D9-9E41-2AEDF7772D80}"
EndProject
Global
	GlobalSection(SolutionConfigurationPlatforms) = preSolution
		Debug|Any CPU = Debug|Any CPU
		Release|Any CPU = Release|Any CPU
	EndGlobalSection
	GlobalSection(ProjectConfigurationPlatforms) = postSolution
		{5CB69686-234F-48D9-9E41-2AEDF7772D80}.Debug|Any CPU.ActiveCfg = Debug|Any CPU
		{5CB69686-234F-48D9-9E41-2AEDF7772D80}.Debug|Any CPU.Build.0 = Debug|Any CPU
		{5CB69686-234F-48D9-9E41-2AEDF7772D80}.Release|Any CPU.ActiveCfg = Release|Any CPU
		{5CB69686-234F-48D9-9E41-2AEDF7772D80}.Release|Any CPU.Build.0 = Release|Any CPU
	EndGlobalSection
	GlobalSection(SolutionProperties) = preSolution
		HideSolutionNode = FALSE
	EndGlobalSection
	GlobalSection(ExtensibilityGlobals) = postSolution
		SolutionGuid = {63263D96-1A5C-465D-A037-F5007269BCA1}
	EndGlobalSection
EndGlobal
